<?xml version="1.0" encoding="utf-8"?>
<Project xmlns="http://schemas.microsoft.com/developer/msbuild/2003">
  <ItemGroup>
    <Filter Include="Form Files">
      <UniqueIdentifier>{99349809-55BA-4b9d-BF79-8FDBB0286EB3}</UniqueIdentifier>
      <Extensions>ui</Extensions>
      <ParseFiles>false</ParseFiles>
    </Filter>
    <Filter Include="Form Files">
      <UniqueIdentifier>{99349809-55BA-4b9d-BF79-8FDBB0286EB3}</UniqueIdentifier>
      <Extensions>ui</Extensions>
      <ParseFiles>false</ParseFiles>
    </Filter>
    <Filter Include="Generated Files">
      <UniqueIdentifier>{71ED8ED8-ACB9-4CE9-BBE1-E00B30144E11}</UniqueIdentifier>
      <Extensions>cpp;c;cxx;moc;h;def;odl;idl;res;</Extensions>
    </Filter>
    <Filter Include="Generated Files">
      <UniqueIdentifier>{71ED8ED8-ACB9-4CE9-BBE1-E00B30144E11}</UniqueIdentifier>
      <Extensions>cpp;c;cxx;moc;h;def;odl;idl;res;</Extensions>
    </Filter>
    <Filter Include="Header Files">
      <UniqueIdentifier>{93995380-89BD-4b04-88EB-625FBE52EBFB}</UniqueIdentifier>
      <Extensions>h;hpp;hxx;hm;inl;inc;xsd</Extensions>
    </Filter>
    <Filter Include="Header Files">
      <UniqueIdentifier>{93995380-89BD-4b04-88EB-625FBE52EBFB}</UniqueIdentifier>
      <Extensions>h;hpp;hxx;hm;inl;inc;xsd</Extensions>
    </Filter>
    <Filter Include="Resource Files">
      <UniqueIdentifier>{D9D6E242-F8AF-46E4-B9FD-80ECBC20BA3E}</UniqueIdentifier>
      <Extensions>qrc;*</Extensions>
      <ParseFiles>false</ParseFiles>
    </Filter>
    <Filter Include="Resource Files">
      <UniqueIdentifier>{D9D6E242-F8AF-46E4-B9FD-80ECBC20BA3E}</UniqueIdentifier>
      <Extensions>qrc;*</Extensions>
      <ParseFiles>false</ParseFiles>
    </Filter>
    <Filter Include="Source Files">
      <UniqueIdentifier>{4FC737F1-C7A5-4376-A066-2A32D752A2FF}</UniqueIdentifier>
      <Extensions>cpp;c;cxx;def;odl;idl;hpj;bat;asm;asmx</Extensions>
    </Filter>
    <Filter Include="Source Files">
      <UniqueIdentifier>{4FC737F1-C7A5-4376-A066-2A32D752A2FF}</UniqueIdentifier>
      <Extensions>cpp;c;cxx;def;odl;idl;hpj;bat;asm;asmx</Extensions>
    </Filter>
    <Filter Include="Translation Files">
      <UniqueIdentifier>{639EADAA-A684-42e4-A9AD-28FC9BCB8F7C}</UniqueIdentifier>
      <Extensions>ts;xlf</Extensions>
      <ParseFiles>false</ParseFiles>
    </Filter>
    <Filter Include="Translation Files">
      <UniqueIdentifier>{639EADAA-A684-42e4-A9AD-28FC9BCB8F7C}</UniqueIdentifier>
      <Extensions>ts;xlf</Extensions>
      <ParseFiles>false</ParseFiles>
    </Filter>
  </ItemGroup>
  <ItemGroup>
    <ClCompile Include="..\..\aesutil.cpp">
      <Filter>Source Files</Filter>
    </ClCompile>
    <ClCompile Include="..\..\qt\decentralchat-qt\client.cpp">
      <Filter>Source Files</Filter>
    </ClCompile>
    <ClCompile Include="..\..\hashing.cpp">
      <Filter>Source Files</Filter>
    </ClCompile>
    <ClCompile Include="..\..\qt\decentralchat-qt\link.cpp">
      <Filter>Source Files</Filter>
    </ClCompile>
    <ClCompile Include="..\..\qt\decentralchat-qt\main.cpp">
      <Filter>Source Files</Filter>
    </ClCompile>
    <ClCompile Include="..\..\qt\decentralchat-qt\mainwindow.cpp">
      <Filter>Source Files</Filter>
    </ClCompile>
    <ClCompile Include="..\..\rsautil.cpp">
      <Filter>Source Files</Filter>
    </ClCompile>
    <ClCompile Include="..\..\qt\decentralchat-qt\server.cpp">
      <Filter>Source Files</Filter>
    </ClCompile>
    <ClCompile Include="..\..\qt\decentralchat-qt\styles.cpp">
      <Filter>Source Files</Filter>
    </ClCompile>
  </ItemGroup>
  <ItemGroup>
    <ClInclude Include="..\..\aesutil.hpp">
      <Filter>Header Files</Filter>
    </ClInclude>
    <QtMoc Include="..\..\qt\decentralchat-qt\client.hpp">
      <Filter>Header Files</Filter>
    </QtMoc>
    <ClInclude Include="..\..\qt\decentralchat-qt\enums.hpp">
      <Filter>Header Files</Filter>
    </ClInclude>
    <ClInclude Include="..\..\hashing.hpp">
      <Filter>Header Files</Filter>
    </ClInclude>
    <QtMoc Include="..\..\qt\decentralchat-qt\link.hpp">
      <Filter>Header Files</Filter>
    </QtMoc>
    <QtMoc Include="..\..\qt\decentralchat-qt\mainwindow.hpp">
      <Filter>Header Files</Filter>
    </QtMoc>
    <ClInclude Include="..\..\osdetect.h">
      <Filter>Header Files</Filter>
    </ClInclude>
    <ClInclude Include="..\..\rsautil.hpp">
      <Filter>Header Files</Filter>
    </ClInclude>
    <QtMoc Include="..\..\qt\decentralchat-qt\server.hpp">
      <Filter>Header Files</Filter>
    </QtMoc>
    <ClInclude Include="..\..\qt\decentralchat-qt\styles.hpp">
      <Filter>Header Files</Filter>
    </ClInclude>
  </ItemGroup>
  <ItemGroup>
    
    
    
    
    
    
    <CustomBuild Include="debug\moc_predefs.h.cbt">
      <Filter>Generated Files</Filter>
    </CustomBuild>
    <CustomBuild Include="release\moc_predefs.h.cbt">
      <Filter>Generated Files</Filter>
    </CustomBuild>
    
    
    
    
    
    
    
  </ItemGroup>
  <ItemGroup>
    <CustomBuild Include="DecentralChat_es_MX.ts">
      <Filter>Translation Files</Filter>
    </CustomBuild>
  </ItemGroup>
  <ItemGroup>
    <QtUic Include="..\ui\decentralchat.ui">
      <Filter>Form Files</Filter>
    </QtUic>
  </ItemGroup>
  <ItemGroup>
    <None Include="DecentralChat_es.qm">
      <Filter>Resource Files</Filter>
    </None>
    <None Include="DecentralChat_es_MX.qm">
      <Filter>Resource Files</Filter>
    </None>
    <None Include="debug\DecentralChat_es_MX.qm">
      <Filter>Resource Files</Filter>
    </None>
    <None Include="release\DecentralChat_es_MX.qm">
      <Filter>Resource Files</Filter>
    </None>
    <None Include="..\images\add_icon_32.dark.png">
      <Filter>Resource Files</Filter>
    </None>
    <None Include="..\images\add_icon_32.light.png">
      <Filter>Resource Files</Filter>
    </None>
    <None Include="..\images\close_icon_32.dark.png">
      <Filter>Resource Files</Filter>
    </None>
    <None Include="..\images\close_icon_32.light.png">
      <Filter>Resource Files</Filter>
    </None>
    <None Include="..\styles\decentralchat.dark.style">
      <Filter>Resource Files</Filter>
    </None>
    <None Include="..\styles\decentralchat.light.style">
      <Filter>Resource Files</Filter>
    </None>
    <None Include="..\styles\decentralchat.qss">
      <Filter>Resource Files</Filter>
    </None>
    <QtRcc Include="debug\qmake_qmake_qm_files.qrc">
      <Filter>Resource Files</Filter>
    </QtRcc>
    <QtRcc Include="release\qmake_qmake_qm_files.qrc">
      <Filter>Resource Files</Filter>
    </QtRcc>
    <QtRcc Include="..\resources.qrc">
      <Filter>Resource Files</Filter>
    </QtRcc>
    <None Include="..\images\settings_icon_32.dark.png">
      <Filter>Resource Files</Filter>
    </None>
    <None Include="..\images\settings_icon_32.light.png">
      <Filter>Resource Files</Filter>
    </None>
  </ItemGroup>
</Project>